
Microsoft Visual Studio Solution File, Format Version 12.00
# Visual Studio 2013
VisualStudioVersion = 12.0.30501.0
MinimumVisualStudioVersion = 10.0.40219.1
Project("{FAE04EC0-301F-11D3-BF4B-00C04F79EFBC}") = "DropZone", "DropZone\DropZone\DropZone.csproj", "{0EDFD1CA-70B1-40CD-B1FD-D265AC931A78}"
EndProject
Project("{FAE04EC0-301F-11D3-BF4B-00C04F79EFBC}") = "DropZone.iOS", "DropZone\DropZone.iOS\DropZone.iOS.csproj", "{22164B51-0950-4BE2-9996-424FDAE7D760}"
EndProject
Project("{FAE04EC0-301F-11D3-BF4B-00C04F79EFBC}") = "DropZone.Android", "DropZone\DropZone.Android\DropZone.Android.csproj", "{F1773F33-28F8-4BA1-AA49-447D13F2CFBB}"
EndProject
Project("{FAE04EC0-301F-11D3-BF4B-00C04F79EFBC}") = "DropZone.WinPhone", "DropZone\DropZone.WinPhone\DropZone.WinPhone.csproj", "{BD22F5C4-79C5-47EF-80CD-5AA4A14080CB}"
EndProject
Project("{2150E333-8FDC-42A3-9474-1A3956D46DE8}") = ".nuget", ".nuget", "{FAEB29AB-AA28-40C2-BCF5-15CAFC423BA0}"
	ProjectSection(SolutionItems) = preProject
		.nuget\NuGet.Config = .nuget\NuGet.Config
		.nuget\NuGet.exe = .nuget\NuGet.exe
		.nuget\NuGet.targets = .nuget\NuGet.targets
	EndProjectSection
EndProject
Project("{2150E333-8FDC-42A3-9474-1A3956D46DE8}") = "Solution Items", "Solution Items", "{61FB6E61-2D74-4205-921E-007F6FC8D39F}"
	ProjectSection(SolutionItems) = preProject
		DropZone.ruleset = DropZone.ruleset
	EndProjectSection
EndProject
Project("{FAE04EC0-301F-11D3-BF4B-00C04F79EFBC}") = "DropZone.Test", "DropZone.Test\DropZone.Test.csproj", "{9E9F803C-A547-4FEA-8730-B9D1D9F4635D}"
EndProject
Project("{2150E333-8FDC-42A3-9474-1A3956D46DE8}") = "Tests", "Tests", "{9908C98D-1B9D-4047-9AF2-655F4E1116CD}"
EndProject
Global
	GlobalSection(SolutionConfigurationPlatforms) = preSolution
		Ad-Hoc|Any CPU = Ad-Hoc|Any CPU
		Ad-Hoc|ARM = Ad-Hoc|ARM
		Ad-Hoc|iPhone = Ad-Hoc|iPhone
		Ad-Hoc|iPhoneSimulator = Ad-Hoc|iPhoneSimulator
		Ad-Hoc|Mixed Platforms = Ad-Hoc|Mixed Platforms
		Ad-Hoc|x86 = Ad-Hoc|x86
		AppStore|Any CPU = AppStore|Any CPU
		AppStore|ARM = AppStore|ARM
		AppStore|iPhone = AppStore|iPhone
		AppStore|iPhoneSimulator = AppStore|iPhoneSimulator
		AppStore|Mixed Platforms = AppStore|Mixed Platforms
		AppStore|x86 = AppStore|x86
		Debug|Any CPU = Debug|Any CPU
		Debug|ARM = Debug|ARM
		Debug|iPhone = Debug|iPhone
		Debug|iPhoneSimulator = Debug|iPhoneSimulator
		Debug|Mixed Platforms = Debug|Mixed Platforms
		Debug|x86 = Debug|x86
		Release|Any CPU = Release|Any CPU
		Release|ARM = Release|ARM
		Release|iPhone = Release|iPhone
		Release|iPhoneSimulator = Release|iPhoneSimulator
		Release|Mixed Platforms = Release|Mixed Platforms
		Release|x86 = Release|x86
	EndGlobalSection
	GlobalSection(ProjectConfigurationPlatforms) = postSolution
		{0EDFD1CA-70B1-40CD-B1FD-D265AC931A78}.Ad-Hoc|Any CPU.ActiveCfg = Release|Any CPU
		{0EDFD1CA-70B1-40CD-B1FD-D265AC931A78}.Ad-Hoc|Any CPU.Build.0 = Release|Any CPU
		{0EDFD1CA-70B1-40CD-B1FD-D265AC931A78}.Ad-Hoc|ARM.ActiveCfg = Release|Any CPU
		{0EDFD1CA-70B1-40CD-B1FD-D265AC931A78}.Ad-Hoc|iPhone.ActiveCfg = Release|Any CPU
		{0EDFD1CA-70B1-40CD-B1FD-D265AC931A78}.Ad-Hoc|iPhoneSimulator.ActiveCfg = Release|Any CPU
		{0EDFD1CA-70B1-40CD-B1FD-D265AC931A78}.Ad-Hoc|Mixed Platforms.ActiveCfg = Release|Any CPU
		{0EDFD1CA-70B1-40CD-B1FD-D265AC931A78}.Ad-Hoc|Mixed Platforms.Build.0 = Release|Any CPU
		{0EDFD1CA-70B1-40CD-B1FD-D265AC931A78}.Ad-Hoc|x86.ActiveCfg = Release|Any CPU
		{0EDFD1CA-70B1-40CD-B1FD-D265AC931A78}.AppStore|Any CPU.ActiveCfg = Release|Any CPU
		{0EDFD1CA-70B1-40CD-B1FD-D265AC931A78}.AppStore|Any CPU.Build.0 = Release|Any CPU
		{0EDFD1CA-70B1-40CD-B1FD-D265AC931A78}.AppStore|ARM.ActiveCfg = Release|Any CPU
		{0EDFD1CA-70B1-40CD-B1FD-D265AC931A78}.AppStore|iPhone.ActiveCfg = Release|Any CPU
		{0EDFD1CA-70B1-40CD-B1FD-D265AC931A78}.AppStore|iPhoneSimulator.ActiveCfg = Release|Any CPU
		{0EDFD1CA-70B1-40CD-B1FD-D265AC931A78}.AppStore|Mixed Platforms.ActiveCfg = Release|Any CPU
		{0EDFD1CA-70B1-40CD-B1FD-D265AC931A78}.AppStore|Mixed Platforms.Build.0 = Release|Any CPU
		{0EDFD1CA-70B1-40CD-B1FD-D265AC931A78}.AppStore|x86.ActiveCfg = Release|Any CPU
		{0EDFD1CA-70B1-40CD-B1FD-D265AC931A78}.Debug|Any CPU.ActiveCfg = Debug|Any CPU
		{0EDFD1CA-70B1-40CD-B1FD-D265AC931A78}.Debug|Any CPU.Build.0 = Debug|Any CPU
		{0EDFD1CA-70B1-40CD-B1FD-D265AC931A78}.Debug|ARM.ActiveCfg = Debug|Any CPU
		{0EDFD1CA-70B1-40CD-B1FD-D265AC931A78}.Debug|iPhone.ActiveCfg = Debug|Any CPU
		{0EDFD1CA-70B1-40CD-B1FD-D265AC931A78}.Debug|iPhoneSimulator.ActiveCfg = Debug|Any CPU
		{0EDFD1CA-70B1-40CD-B1FD-D265AC931A78}.Debug|Mixed Platforms.ActiveCfg = Debug|Any CPU
		{0EDFD1CA-70B1-40CD-B1FD-D265AC931A78}.Debug|Mixed Platforms.Build.0 = Debug|Any CPU
		{0EDFD1CA-70B1-40CD-B1FD-D265AC931A78}.Debug|x86.ActiveCfg = Debug|Any CPU
		{0EDFD1CA-70B1-40CD-B1FD-D265AC931A78}.Release|Any CPU.ActiveCfg = Release|Any CPU
		{0EDFD1CA-70B1-40CD-B1FD-D265AC931A78}.Release|Any CPU.Build.0 = Release|Any CPU
		{0EDFD1CA-70B1-40CD-B1FD-D265AC931A78}.Release|ARM.ActiveCfg = Release|Any CPU
		{0EDFD1CA-70B1-40CD-B1FD-D265AC931A78}.Release|iPhone.ActiveCfg = Release|Any CPU
		{0EDFD1CA-70B1-40CD-B1FD-D265AC931A78}.Release|iPhoneSimulator.ActiveCfg = Release|Any CPU
		{0EDFD1CA-70B1-40CD-B1FD-D265AC931A78}.Release|Mixed Platforms.ActiveCfg = Release|Any CPU
		{0EDFD1CA-70B1-40CD-B1FD-D265AC931A78}.Release|Mixed Platforms.Build.0 = Release|Any CPU
		{0EDFD1CA-70B1-40CD-B1FD-D265AC931A78}.Release|x86.ActiveCfg = Release|Any CPU
		{22164B51-0950-4BE2-9996-424FDAE7D760}.Ad-Hoc|Any CPU.ActiveCfg = Ad-Hoc|iPhone
		{22164B51-0950-4BE2-9996-424FDAE7D760}.Ad-Hoc|ARM.ActiveCfg = Ad-Hoc|iPhone
		{22164B51-0950-4BE2-9996-424FDAE7D760}.Ad-Hoc|iPhone.ActiveCfg = Ad-Hoc|iPhone
		{22164B51-0950-4BE2-9996-424FDAE7D760}.Ad-Hoc|iPhone.Build.0 = Ad-Hoc|iPhone
		{22164B51-0950-4BE2-9996-424FDAE7D760}.Ad-Hoc|iPhone.Deploy.0 = Ad-Hoc|iPhone
		{22164B51-0950-4BE2-9996-424FDAE7D760}.Ad-Hoc|iPhoneSimulator.ActiveCfg = Ad-Hoc|iPhoneSimulator
		{22164B51-0950-4BE2-9996-424FDAE7D760}.Ad-Hoc|iPhoneSimulator.Build.0 = Ad-Hoc|iPhoneSimulator
		{22164B51-0950-4BE2-9996-424FDAE7D760}.Ad-Hoc|iPhoneSimulator.Deploy.0 = Ad-Hoc|iPhoneSimulator
		{22164B51-0950-4BE2-9996-424FDAE7D760}.Ad-Hoc|Mixed Platforms.ActiveCfg = Ad-Hoc|iPhone
		{22164B51-0950-4BE2-9996-424FDAE7D760}.Ad-Hoc|Mixed Platforms.Build.0 = Ad-Hoc|iPhone
		{22164B51-0950-4BE2-9996-424FDAE7D760}.Ad-Hoc|Mixed Platforms.Deploy.0 = Ad-Hoc|iPhone
		{22164B51-0950-4BE2-9996-424FDAE7D760}.Ad-Hoc|x86.ActiveCfg = Ad-Hoc|iPhone
		{22164B51-0950-4BE2-9996-424FDAE7D760}.AppStore|Any CPU.ActiveCfg = AppStore|iPhone
		{22164B51-0950-4BE2-9996-424FDAE7D760}.AppStore|ARM.ActiveCfg = AppStore|iPhone
		{22164B51-0950-4BE2-9996-424FDAE7D760}.AppStore|iPhone.ActiveCfg = AppStore|iPhone
		{22164B51-0950-4BE2-9996-424FDAE7D760}.AppStore|iPhone.Build.0 = AppStore|iPhone
		{22164B51-0950-4BE2-9996-424FDAE7D760}.AppStore|iPhone.Deploy.0 = AppStore|iPhone
		{22164B51-0950-4BE2-9996-424FDAE7D760}.AppStore|iPhoneSimulator.ActiveCfg = AppStore|iPhoneSimulator
		{22164B51-0950-4BE2-9996-424FDAE7D760}.AppStore|iPhoneSimulator.Build.0 = AppStore|iPhoneSimulator
		{22164B51-0950-4BE2-9996-424FDAE7D760}.AppStore|iPhoneSimulator.Deploy.0 = AppStore|iPhoneSimulator
		{22164B51-0950-4BE2-9996-424FDAE7D760}.AppStore|Mixed Platforms.ActiveCfg = AppStore|iPhone
		{22164B51-0950-4BE2-9996-424FDAE7D760}.AppStore|Mixed Platforms.Build.0 = AppStore|iPhone
		{22164B51-0950-4BE2-9996-424FDAE7D760}.AppStore|Mixed Platforms.Deploy.0 = AppStore|iPhone
		{22164B51-0950-4BE2-9996-424FDAE7D760}.AppStore|x86.ActiveCfg = AppStore|iPhone
		{22164B51-0950-4BE2-9996-424FDAE7D760}.Debug|Any CPU.ActiveCfg = Debug|iPhone
		{22164B51-0950-4BE2-9996-424FDAE7D760}.Debug|ARM.ActiveCfg = Debug|iPhone
		{22164B51-0950-4BE2-9996-424FDAE7D760}.Debug|iPhone.ActiveCfg = Debug|iPhone
		{22164B51-0950-4BE2-9996-424FDAE7D760}.Debug|iPhone.Build.0 = Debug|iPhone
		{22164B51-0950-4BE2-9996-424FDAE7D760}.Debug|iPhone.Deploy.0 = Debug|iPhone
		{22164B51-0950-4BE2-9996-424FDAE7D760}.Debug|iPhoneSimulator.ActiveCfg = Debug|iPhoneSimulator
		{22164B51-0950-4BE2-9996-424FDAE7D760}.Debug|iPhoneSimulator.Build.0 = Debug|iPhoneSimulator
		{22164B51-0950-4BE2-9996-424FDAE7D760}.Debug|iPhoneSimulator.Deploy.0 = Debug|iPhoneSimulator
		{22164B51-0950-4BE2-9996-424FDAE7D760}.Debug|Mixed Platforms.ActiveCfg = Debug|iPhone
		{22164B51-0950-4BE2-9996-424FDAE7D760}.Debug|Mixed Platforms.Build.0 = Debug|iPhone
		{22164B51-0950-4BE2-9996-424FDAE7D760}.Debug|Mixed Platforms.Deploy.0 = Debug|iPhone
		{22164B51-0950-4BE2-9996-424FDAE7D760}.Debug|x86.ActiveCfg = Debug|iPhone
		{22164B51-0950-4BE2-9996-424FDAE7D760}.Release|Any CPU.ActiveCfg = Release|iPhone
		{22164B51-0950-4BE2-9996-424FDAE7D760}.Release|ARM.ActiveCfg = Release|iPhone
		{22164B51-0950-4BE2-9996-424FDAE7D760}.Release|iPhone.ActiveCfg = Release|iPhone
		{22164B51-0950-4BE2-9996-424FDAE7D760}.Release|iPhone.Build.0 = Release|iPhone
		{22164B51-0950-4BE2-9996-424FDAE7D760}.Release|iPhone.Deploy.0 = Release|iPhone
		{22164B51-0950-4BE2-9996-424FDAE7D760}.Release|iPhoneSimulator.ActiveCfg = Release|iPhoneSimulator
		{22164B51-0950-4BE2-9996-424FDAE7D760}.Release|iPhoneSimulator.Build.0 = Release|iPhoneSimulator
		{22164B51-0950-4BE2-9996-424FDAE7D760}.Release|iPhoneSimulator.Deploy.0 = Release|iPhoneSimulator
		{22164B51-0950-4BE2-9996-424FDAE7D760}.Release|Mixed Platforms.ActiveCfg = Release|iPhone
		{22164B51-0950-4BE2-9996-424FDAE7D760}.Release|Mixed Platforms.Build.0 = Release|iPhone
		{22164B51-0950-4BE2-9996-424FDAE7D760}.Release|Mixed Platforms.Deploy.0 = Release|iPhone
		{22164B51-0950-4BE2-9996-424FDAE7D760}.Release|x86.ActiveCfg = Release|iPhone
		{F1773F33-28F8-4BA1-AA49-447D13F2CFBB}.Ad-Hoc|Any CPU.ActiveCfg = Release|Any CPU
		{F1773F33-28F8-4BA1-AA49-447D13F2CFBB}.Ad-Hoc|Any CPU.Build.0 = Release|Any CPU
		{F1773F33-28F8-4BA1-AA49-447D13F2CFBB}.Ad-Hoc|Any CPU.Deploy.0 = Release|Any CPU
		{F1773F33-28F8-4BA1-AA49-447D13F2CFBB}.Ad-Hoc|ARM.ActiveCfg = Release|Any CPU
		{F1773F33-28F8-4BA1-AA49-447D13F2CFBB}.Ad-Hoc|iPhone.ActiveCfg = Release|Any CPU
		{F1773F33-28F8-4BA1-AA49-447D13F2CFBB}.Ad-Hoc|iPhoneSimulator.ActiveCfg = Release|Any CPU
		{F1773F33-28F8-4BA1-AA49-447D13F2CFBB}.Ad-Hoc|Mixed Platforms.ActiveCfg = Release|Any CPU
		{F1773F33-28F8-4BA1-AA49-447D13F2CFBB}.Ad-Hoc|Mixed Platforms.Build.0 = Release|Any CPU
		{F1773F33-28F8-4BA1-AA49-447D13F2CFBB}.Ad-Hoc|Mixed Platforms.Deploy.0 = Release|Any CPU
		{F1773F33-28F8-4BA1-AA49-447D13F2CFBB}.Ad-Hoc|x86.ActiveCfg = Release|Any CPU
		{F1773F33-28F8-4BA1-AA49-447D13F2CFBB}.AppStore|Any CPU.ActiveCfg = Release|Any CPU
		{F1773F33-28F8-4BA1-AA49-447D13F2CFBB}.AppStore|Any CPU.Build.0 = Release|Any CPU
		{F1773F33-28F8-4BA1-AA49-447D13F2CFBB}.AppStore|Any CPU.Deploy.0 = Release|Any CPU
		{F1773F33-28F8-4BA1-AA49-447D13F2CFBB}.AppStore|ARM.ActiveCfg = Release|Any CPU
		{F1773F33-28F8-4BA1-AA49-447D13F2CFBB}.AppStore|iPhone.ActiveCfg = Release|Any CPU
		{F1773F33-28F8-4BA1-AA49-447D13F2CFBB}.AppStore|iPhoneSimulator.ActiveCfg = Release|Any CPU
		{F1773F33-28F8-4BA1-AA49-447D13F2CFBB}.AppStore|Mixed Platforms.ActiveCfg = Release|Any CPU
		{F1773F33-28F8-4BA1-AA49-447D13F2CFBB}.AppStore|Mixed Platforms.Build.0 = Release|Any CPU
		{F1773F33-28F8-4BA1-AA49-447D13F2CFBB}.AppStore|Mixed Platforms.Deploy.0 = Release|Any CPU
		{F1773F33-28F8-4BA1-AA49-447D13F2CFBB}.AppStore|x86.ActiveCfg = Release|Any CPU
		{F1773F33-28F8-4BA1-AA49-447D13F2CFBB}.Debug|Any CPU.ActiveCfg = Debug|Any CPU
		{F1773F33-28F8-4BA1-AA49-447D13F2CFBB}.Debug|Any CPU.Build.0 = Debug|Any CPU
		{F1773F33-28F8-4BA1-AA49-447D13F2CFBB}.Debug|Any CPU.Deploy.0 = Debug|Any CPU
		{F1773F33-28F8-4BA1-AA49-447D13F2CFBB}.Debug|ARM.ActiveCfg = Debug|Any CPU
		{F1773F33-28F8-4BA1-AA49-447D13F2CFBB}.Debug|iPhone.ActiveCfg = Debug|Any CPU
		{F1773F33-28F8-4BA1-AA49-447D13F2CFBB}.Debug|iPhoneSimulator.ActiveCfg = Debug|Any CPU
		{F1773F33-28F8-4BA1-AA49-447D13F2CFBB}.Debug|Mixed Platforms.ActiveCfg = Debug|Any CPU
		{F1773F33-28F8-4BA1-AA49-447D13F2CFBB}.Debug|Mixed Platforms.Build.0 = Debug|Any CPU
		{F1773F33-28F8-4BA1-AA49-447D13F2CFBB}.Debug|Mixed Platforms.Deploy.0 = Debug|Any CPU
		{F1773F33-28F8-4BA1-AA49-447D13F2CFBB}.Debug|x86.ActiveCfg = Debug|Any CPU
		{F1773F33-28F8-4BA1-AA49-447D13F2CFBB}.Release|Any CPU.ActiveCfg = Release|Any CPU
		{F1773F33-28F8-4BA1-AA49-447D13F2CFBB}.Release|Any CPU.Build.0 = Release|Any CPU
		{F1773F33-28F8-4BA1-AA49-447D13F2CFBB}.Release|Any CPU.Deploy.0 = Release|Any CPU
		{F1773F33-28F8-4BA1-AA49-447D13F2CFBB}.Release|ARM.ActiveCfg = Release|Any CPU
		{F1773F33-28F8-4BA1-AA49-447D13F2CFBB}.Release|iPhone.ActiveCfg = Release|Any CPU
		{F1773F33-28F8-4BA1-AA49-447D13F2CFBB}.Release|iPhoneSimulator.ActiveCfg = Release|Any CPU
		{F1773F33-28F8-4BA1-AA49-447D13F2CFBB}.Release|Mixed Platforms.ActiveCfg = Release|Any CPU
		{F1773F33-28F8-4BA1-AA49-447D13F2CFBB}.Release|Mixed Platforms.Build.0 = Release|Any CPU
		{F1773F33-28F8-4BA1-AA49-447D13F2CFBB}.Release|Mixed Platforms.Deploy.0 = Release|Any CPU
		{F1773F33-28F8-4BA1-AA49-447D13F2CFBB}.Release|x86.ActiveCfg = Release|Any CPU
		{BD22F5C4-79C5-47EF-80CD-5AA4A14080CB}.Ad-Hoc|Any CPU.ActiveCfg = Release|Any CPU
		{BD22F5C4-79C5-47EF-80CD-5AA4A14080CB}.Ad-Hoc|Any CPU.Build.0 = Release|Any CPU
		{BD22F5C4-79C5-47EF-80CD-5AA4A14080CB}.Ad-Hoc|Any CPU.Deploy.0 = Release|Any CPU
		{BD22F5C4-79C5-47EF-80CD-5AA4A14080CB}.Ad-Hoc|ARM.ActiveCfg = Release|ARM
		{BD22F5C4-79C5-47EF-80CD-5AA4A14080CB}.Ad-Hoc|ARM.Build.0 = Release|ARM
		{BD22F5C4-79C5-47EF-80CD-5AA4A14080CB}.Ad-Hoc|ARM.Deploy.0 = Release|ARM
		{BD22F5C4-79C5-47EF-80CD-5AA4A14080CB}.Ad-Hoc|iPhone.ActiveCfg = Release|Any CPU
		{BD22F5C4-79C5-47EF-80CD-5AA4A14080CB}.Ad-Hoc|iPhoneSimulator.ActiveCfg = Release|Any CPU
		{BD22F5C4-79C5-47EF-80CD-5AA4A14080CB}.Ad-Hoc|Mixed Platforms.ActiveCfg = Release|x86
		{BD22F5C4-79C5-47EF-80CD-5AA4A14080CB}.Ad-Hoc|Mixed Platforms.Build.0 = Release|x86
		{BD22F5C4-79C5-47EF-80CD-5AA4A14080CB}.Ad-Hoc|Mixed Platforms.Deploy.0 = Release|x86
		{BD22F5C4-79C5-47EF-80CD-5AA4A14080CB}.Ad-Hoc|x86.ActiveCfg = Release|x86
		{BD22F5C4-79C5-47EF-80CD-5AA4A14080CB}.Ad-Hoc|x86.Build.0 = Release|x86
		{BD22F5C4-79C5-47EF-80CD-5AA4A14080CB}.Ad-Hoc|x86.Deploy.0 = Release|x86
		{BD22F5C4-79C5-47EF-80CD-5AA4A14080CB}.AppStore|Any CPU.ActiveCfg = Release|Any CPU
		{BD22F5C4-79C5-47EF-80CD-5AA4A14080CB}.AppStore|Any CPU.Build.0 = Release|Any CPU
		{BD22F5C4-79C5-47EF-80CD-5AA4A14080CB}.AppStore|Any CPU.Deploy.0 = Release|Any CPU
		{BD22F5C4-79C5-47EF-80CD-5AA4A14080CB}.AppStore|ARM.ActiveCfg = Release|ARM
		{BD22F5C4-79C5-47EF-80CD-5AA4A14080CB}.AppStore|ARM.Build.0 = Release|ARM
		{BD22F5C4-79C5-47EF-80CD-5AA4A14080CB}.AppStore|ARM.Deploy.0 = Release|ARM
		{BD22F5C4-79C5-47EF-80CD-5AA4A14080CB}.AppStore|iPhone.ActiveCfg = Release|Any CPU
		{BD22F5C4-79C5-47EF-80CD-5AA4A14080CB}.AppStore|iPhoneSimulator.ActiveCfg = Release|Any CPU
		{BD22F5C4-79C5-47EF-80CD-5AA4A14080CB}.AppStore|Mixed Platforms.ActiveCfg = Release|x86
		{BD22F5C4-79C5-47EF-80CD-5AA4A14080CB}.AppStore|Mixed Platforms.Build.0 = Release|x86
		{BD22F5C4-79C5-47EF-80CD-5AA4A14080CB}.AppStore|Mixed Platforms.Deploy.0 = Release|x86
		{BD22F5C4-79C5-47EF-80CD-5AA4A14080CB}.AppStore|x86.ActiveCfg = Release|x86
		{BD22F5C4-79C5-47EF-80CD-5AA4A14080CB}.AppStore|x86.Build.0 = Release|x86
		{BD22F5C4-79C5-47EF-80CD-5AA4A14080CB}.AppStore|x86.Deploy.0 = Release|x86
		{BD22F5C4-79C5-47EF-80CD-5AA4A14080CB}.Debug|Any CPU.ActiveCfg = Debug|Any CPU
		{BD22F5C4-79C5-47EF-80CD-5AA4A14080CB}.Debug|Any CPU.Build.0 = Debug|Any CPU
		{BD22F5C4-79C5-47EF-80CD-5AA4A14080CB}.Debug|Any CPU.Deploy.0 = Debug|Any CPU
		{BD22F5C4-79C5-47EF-80CD-5AA4A14080CB}.Debug|ARM.ActiveCfg = Debug|ARM
		{BD22F5C4-79C5-47EF-80CD-5AA4A14080CB}.Debug|ARM.Build.0 = Debug|ARM
		{BD22F5C4-79C5-47EF-80CD-5AA4A14080CB}.Debug|ARM.Deploy.0 = Debug|ARM
		{BD22F5C4-79C5-47EF-80CD-5AA4A14080CB}.Debug|iPhone.ActiveCfg = Debug|Any CPU
		{BD22F5C4-79C5-47EF-80CD-5AA4A14080CB}.Debug|iPhoneSimulator.ActiveCfg = Debug|Any CPU
		{BD22F5C4-79C5-47EF-80CD-5AA4A14080CB}.Debug|Mixed Platforms.ActiveCfg = Debug|ARM
		{BD22F5C4-79C5-47EF-80CD-5AA4A14080CB}.Debug|Mixed Platforms.Build.0 = Debug|ARM
		{BD22F5C4-79C5-47EF-80CD-5AA4A14080CB}.Debug|Mixed Platforms.Deploy.0 = Debug|ARM
		{BD22F5C4-79C5-47EF-80CD-5AA4A14080CB}.Debug|x86.ActiveCfg = Debug|x86
		{BD22F5C4-79C5-47EF-80CD-5AA4A14080CB}.Debug|x86.Build.0 = Debug|x86
		{BD22F5C4-79C5-47EF-80CD-5AA4A14080CB}.Debug|x86.Deploy.0 = Debug|x86
		{BD22F5C4-79C5-47EF-80CD-5AA4A14080CB}.Release|Any CPU.ActiveCfg = Release|Any CPU
		{BD22F5C4-79C5-47EF-80CD-5AA4A14080CB}.Release|Any CPU.Build.0 = Release|Any CPU
		{BD22F5C4-79C5-47EF-80CD-5AA4A14080CB}.Release|Any CPU.Deploy.0 = Release|Any CPU
		{BD22F5C4-79C5-47EF-80CD-5AA4A14080CB}.Release|ARM.ActiveCfg = Release|ARM
		{BD22F5C4-79C5-47EF-80CD-5AA4A14080CB}.Release|ARM.Build.0 = Release|ARM
		{BD22F5C4-79C5-47EF-80CD-5AA4A14080CB}.Release|ARM.Deploy.0 = Release|ARM
		{BD22F5C4-79C5-47EF-80CD-5AA4A14080CB}.Release|iPhone.ActiveCfg = Release|Any CPU
		{BD22F5C4-79C5-47EF-80CD-5AA4A14080CB}.Release|iPhoneSimulator.ActiveCfg = Release|Any CPU
		{BD22F5C4-79C5-47EF-80CD-5AA4A14080CB}.Release|Mixed Platforms.ActiveCfg = Release|Any CPU
		{BD22F5C4-79C5-47EF-80CD-5AA4A14080CB}.Release|Mixed Platforms.Build.0 = Release|Any CPU
		{BD22F5C4-79C5-47EF-80CD-5AA4A14080CB}.Release|Mixed Platforms.Deploy.0 = Release|Any CPU
		{BD22F5C4-79C5-47EF-80CD-5AA4A14080CB}.Release|x86.ActiveCfg = Release|x86
		{BD22F5C4-79C5-47EF-80CD-5AA4A14080CB}.Release|x86.Build.0 = Release|x86
		{BD22F5C4-79C5-47EF-80CD-5AA4A14080CB}.Release|x86.Deploy.0 = Release|x86
		{9E9F803C-A547-4FEA-8730-B9D1D9F4635D}.Ad-Hoc|Any CPU.ActiveCfg = Release|Any CPU
		{9E9F803C-A547-4FEA-8730-B9D1D9F4635D}.Ad-Hoc|Any CPU.Build.0 = Release|Any CPU
		{9E9F803C-A547-4FEA-8730-B9D1D9F4635D}.Ad-Hoc|ARM.ActiveCfg = Release|Any CPU
		{9E9F803C-A547-4FEA-8730-B9D1D9F4635D}.Ad-Hoc|iPhone.ActiveCfg = Release|Any CPU
		{9E9F803C-A547-4FEA-8730-B9D1D9F4635D}.Ad-Hoc|iPhoneSimulator.ActiveCfg = Release|Any CPU
		{9E9F803C-A547-4FEA-8730-B9D1D9F4635D}.Ad-Hoc|Mixed Platforms.ActiveCfg = Release|Any CPU
		{9E9F803C-A547-4FEA-8730-B9D1D9F4635D}.Ad-Hoc|Mixed Platforms.Build.0 = Release|Any CPU
		{9E9F803C-A547-4FEA-8730-B9D1D9F4635D}.Ad-Hoc|x86.ActiveCfg = Release|Any CPU
		{9E9F803C-A547-4FEA-8730-B9D1D9F4635D}.AppStore|Any CPU.ActiveCfg = Release|Any CPU
		{9E9F803C-A547-4FEA-8730-B9D1D9F4635D}.AppStore|Any CPU.Build.0 = Release|Any CPU
		{9E9F803C-A547-4FEA-8730-B9D1D9F4635D}.AppStore|ARM.ActiveCfg = Release|Any CPU
		{9E9F803C-A547-4FEA-8730-B9D1D9F4635D}.AppStore|iPhone.ActiveCfg = Release|Any CPU
		{9E9F803C-A547-4FEA-8730-B9D1D9F4635D}.AppStore|iPhoneSimulator.ActiveCfg = Release|Any CPU
		{9E9F803C-A547-4FEA-8730-B9D1D9F4635D}.AppStore|Mixed Platforms.ActiveCfg = Release|Any CPU
		{9E9F803C-A547-4FEA-8730-B9D1D9F4635D}.AppStore|Mixed Platforms.Build.0 = Release|Any CPU
		{9E9F803C-A547-4FEA-8730-B9D1D9F4635D}.AppStore|x86.ActiveCfg = Release|Any CPU
		{9E9F803C-A547-4FEA-8730-B9D1D9F4635D}.Debug|Any CPU.ActiveCfg = Debug|Any CPU
		{9E9F803C-A547-4FEA-8730-B9D1D9F4635D}.Debug|Any CPU.Build.0 = Debug|Any CPU
		{9E9F803C-A547-4FEA-8730-B9D1D9F4635D}.Debug|ARM.ActiveCfg = Debug|Any CPU
		{9E9F803C-A547-4FEA-8730-B9D1D9F4635D}.Debug|iPhone.ActiveCfg = Debug|Any CPU
		{9E9F803C-A547-4FEA-8730-B9D1D9F4635D}.Debug|iPhoneSimulator.ActiveCfg = Debug|Any CPU
		{9E9F803C-A547-4FEA-8730-B9D1D9F4635D}.Debug|Mixed Platforms.ActiveCfg = Debug|Any CPU
		{9E9F803C-A547-4FEA-8730-B9D1D9F4635D}.Debug|Mixed Platforms.Build.0 = Debug|Any CPU
		{9E9F803C-A547-4FEA-8730-B9D1D9F4635D}.Debug|x86.ActiveCfg = Debug|Any CPU
		{9E9F803C-A547-4FEA-8730-B9D1D9F4635D}.Release|Any CPU.ActiveCfg = Release|Any CPU
		{9E9F803C-A547-4FEA-8730-B9D1D9F4635D}.Release|Any CPU.Build.0 = Release|Any CPU
		{9E9F803C-A547-4FEA-8730-B9D1D9F4635D}.Release|ARM.ActiveCfg = Release|Any CPU
		{9E9F803C-A547-4FEA-8730-B9D1D9F4635D}.Release|iPhone.ActiveCfg = Release|Any CPU
		{9E9F803C-A547-4FEA-8730-B9D1D9F4635D}.Release|iPhoneSimulator.ActiveCfg = Release|Any CPU
		{9E9F803C-A547-4FEA-8730-B9D1D9F4635D}.Release|Mixed Platforms.ActiveCfg = Release|Any CPU
		{9E9F803C-A547-4FEA-8730-B9D1D9F4635D}.Release|Mixed Platforms.Build.0 = Release|Any CPU
		{9E9F803C-A547-4FEA-8730-B9D1D9F4635D}.Release|x86.ActiveCfg = Release|Any CPU
	EndGlobalSection
	GlobalSection(SolutionProperties) = preSolution
		HideSolutionNode = FALSE
	EndGlobalSection
	GlobalSection(NestedProjects) = preSolution
		{9E9F803C-A547-4FEA-8730-B9D1D9F4635D} = {9908C98D-1B9D-4047-9AF2-655F4E1116CD}
	EndGlobalSection
EndGlobal
